
Microsoft Visual Studio Solution File, Format Version 12.00
# Visual Studio Version 17
VisualStudioVersion = 17.8.34525.116
MinimumVisualStudioVersion = 10.0.40219.1
Project("{8BC9CEB8-8B4A-11D0-8D11-00A0C91BC942}") = "template-sfml2.5.1-win-ping-pong1", "template-sfml2.5.1-win-ping-pong1.vcxproj", "{13F92ECD-7206-4D7A-ADF0-1425D44A3E24}"
EndProject
Global
	GlobalSection(SolutionConfigurationPlatforms) = preSolution
		Debug Dynamic|x64 = Debug Dynamic|x64
		Debug Dynamic|x86 = Debug Dynamic|x86
		Debug Static|x64 = Debug Static|x64
		Debug Static|x86 = Debug Static|x86
		Release Dynamic|x64 = Release Dynamic|x64
		Release Dynamic|x86 = Release Dynamic|x86
		Release Static|x64 = Release Static|x64
		Release Static|x86 = Release Static|x86
	EndGlobalSection
	GlobalSection(ProjectConfigurationPlatforms) = postSolution
		{13F92ECD-7206-4D7A-ADF0-1425D44A3E24}.Debug Dynamic|x64.ActiveCfg = Debug Dynamic|x64
		{13F92ECD-7206-4D7A-ADF0-1425D44A3E24}.Debug Dynamic|x64.Build.0 = Debug Dynamic|x64
		{13F92ECD-7206-4D7A-ADF0-1425D44A3E24}.Debug Dynamic|x86.ActiveCfg = Debug Dynamic|Win32
		{13F92ECD-7206-4D7A-ADF0-1425D44A3E24}.Debug Dynamic|x86.Build.0 = Debug Dynamic|Win32
		{13F92ECD-7206-4D7A-ADF0-1425D44A3E24}.Debug Static|x64.ActiveCfg = Debug Static|x64
		{13F92ECD-7206-4D7A-ADF0-1425D44A3E24}.Debug Static|x64.Build.0 = Debug Static|x64
		{13F92ECD-7206-4D7A-ADF0-1425D44A3E24}.Debug Static|x86.ActiveCfg = Debug Static|Win32
		{13F92ECD-7206-4D7A-ADF0-1425D44A3E24}.Debug Static|x86.Build.0 = Debug Static|Win32
		{13F92ECD-7206-4D7A-ADF0-1425D44A3E24}.Release Dynamic|x64.ActiveCfg = Release Dynamic|x64
		{13F92ECD-7206-4D7A-ADF0-1425D44A3E24}.Release Dynamic|x64.Build.0 = Release Dynamic|x64
		{13F92ECD-7206-4D7A-ADF0-1425D44A3E24}.Release Dynamic|x86.ActiveCfg = Release Dynamic|Win32
		{13F92ECD-7206-4D7A-ADF0-1425D44A3E24}.Release Dynamic|x86.Build.0 = Release Dynamic|Win32
		{13F92ECD-7206-4D7A-ADF0-1425D44A3E24}.Release Static|x64.ActiveCfg = Release Static|x64
		{13F92ECD-7206-4D7A-ADF0-1425D44A3E24}.Release Static|x64.Build.0 = Release Static|x64
		{13F92ECD-7206-4D7A-ADF0-1425D44A3E24}.Release Static|x86.ActiveCfg = Release Static|Win32
		{13F92ECD-7206-4D7A-ADF0-1425D44A3E24}.Release Static|x86.Build.0 = Release Static|Win32
	EndGlobalSection
	GlobalSection(SolutionProperties) = preSolution
		HideSolutionNode = FALSE
	EndGlobalSection
	GlobalSection(ExtensibilityGlobals) = postSolution
		SolutionGuid = {0C303682-BA82-43F8-A4D9-E181E10A19AE}
	EndGlobalSection
EndGlobal
